// !$*UTF8*$!
{
	archiveVersion = 1;
	classes = {
	};
	objectVersion = 48;
	objects = {

/* Begin PBXBuildFile section */
		4A1C3D03207F6A37006D8DDB /* CrashHelper.m in Sources */ = {isa = PBXBuildFile; fileRef = 4AD9E0D7207E04D800853020 /* CrashHelper.m */; };
		4A1C3D07207F6AB0006D8DDB /* CrashHelper+Swift.swift in Sources */ = {isa = PBXBuildFile; fileRef = 4A1C3D06207F6AB0006D8DDB /* CrashHelper+Swift.swift */; };
		4A1C3D08207F6AB0006D8DDB /* CrashHelper+Swift.swift in Sources */ = {isa = PBXBuildFile; fileRef = 4A1C3D06207F6AB0006D8DDB /* CrashHelper+Swift.swift */; };
		4AD9E0B4207E04B100853020 /* AppDelegate.m in Sources */ = {isa = PBXBuildFile; fileRef = 4AD9E0B3207E04B100853020 /* AppDelegate.m */; };
		4AD9E0B7207E04B100853020 /* ViewController.m in Sources */ = {isa = PBXBuildFile; fileRef = 4AD9E0B6207E04B100853020 /* ViewController.m */; };
		4AD9E0BA207E04B100853020 /* Main.storyboard in Resources */ = {isa = PBXBuildFile; fileRef = 4AD9E0B8207E04B100853020 /* Main.storyboard */; };
		4AD9E0BC207E04B100853020 /* Assets.xcassets in Resources */ = {isa = PBXBuildFile; fileRef = 4AD9E0BB207E04B100853020 /* Assets.xcassets */; };
		4AD9E0BF207E04B100853020 /* LaunchScreen.storyboard in Resources */ = {isa = PBXBuildFile; fileRef = 4AD9E0BD207E04B100853020 /* LaunchScreen.storyboard */; };
		4AD9E0C2207E04B100853020 /* main.m in Sources */ = {isa = PBXBuildFile; fileRef = 4AD9E0C1207E04B100853020 /* main.m */; };
		4AD9E0CC207E04B100853020 /* CrashInTestUITests.m in Sources */ = {isa = PBXBuildFile; fileRef = 4AD9E0CB207E04B100853020 /* CrashInTestUITests.m */; };
		4AD9E0D8207E04D800853020 /* CrashHelper.m in Sources */ = {isa = PBXBuildFile; fileRef = 4AD9E0D7207E04D800853020 /* CrashHelper.m */; };
/* End PBXBuildFile section */

/* Begin PBXContainerItemProxy section */
		4AD9E0C8207E04B100853020 /* PBXContainerItemProxy */ = {
			isa = PBXContainerItemProxy;
			containerPortal = 4AD9E0A7207E04B100853020 /* Project object */;
			proxyType = 1;
			remoteGlobalIDString = 4AD9E0AE207E04B100853020;
			remoteInfo = CrashInTest;
		};
/* End PBXContainerItemProxy section */

/* Begin PBXFileReference section */
		4A1C3D04207F6AB0006D8DDB /* CrashInTest-Bridging-Header.h */ = {isa = PBXFileReference; lastKnownFileType = sourcecode.c.h; path = "CrashInTest-Bridging-Header.h"; sourceTree = "<group>"; };
		4A1C3D06207F6AB0006D8DDB /* CrashHelper+Swift.swift */ = {isa = PBXFileReference; lastKnownFileType = sourcecode.swift; path = "CrashHelper+Swift.swift"; sourceTree = "<group>"; };
		4AD9E0AF207E04B100853020 /* CrashInTest.app */ = {isa = PBXFileReference; explicitFileType = wrapper.application; includeInIndex = 0; path = CrashInTest.app; sourceTree = BUILT_PRODUCTS_DIR; };
		4AD9E0B2207E04B100853020 /* AppDelegate.h */ = {isa = PBXFileReference; lastKnownFileType = sourcecode.c.h; path = AppDelegate.h; sourceTree = "<group>"; };
		4AD9E0B3207E04B100853020 /* AppDelegate.m */ = {isa = PBXFileReference; lastKnownFileType = sourcecode.c.objc; path = AppDelegate.m; sourceTree = "<group>"; };
		4AD9E0B5207E04B100853020 /* ViewController.h */ = {isa = PBXFileReference; lastKnownFileType = sourcecode.c.h; path = ViewController.h; sourceTree = "<group>"; };
		4AD9E0B6207E04B100853020 /* ViewController.m */ = {isa = PBXFileReference; lastKnownFileType = sourcecode.c.objc; path = ViewController.m; sourceTree = "<group>"; };
		4AD9E0B9207E04B100853020 /* Base */ = {isa = PBXFileReference; lastKnownFileType = file.storyboard; name = Base; path = Base.lproj/Main.storyboard; sourceTree = "<group>"; };
		4AD9E0BB207E04B100853020 /* Assets.xcassets */ = {isa = PBXFileReference; lastKnownFileType = folder.assetcatalog; path = Assets.xcassets; sourceTree = "<group>"; };
		4AD9E0BE207E04B100853020 /* Base */ = {isa = PBXFileReference; lastKnownFileType = file.storyboard; name = Base; path = Base.lproj/LaunchScreen.storyboard; sourceTree = "<group>"; };
		4AD9E0C0207E04B100853020 /* Info.plist */ = {isa = PBXFileReference; lastKnownFileType = text.plist.xml; path = Info.plist; sourceTree = "<group>"; };
		4AD9E0C1207E04B100853020 /* main.m */ = {isa = PBXFileReference; lastKnownFileType = sourcecode.c.objc; path = main.m; sourceTree = "<group>"; };
		4AD9E0C7207E04B100853020 /* CrashInTestUITests.xctest */ = {isa = PBXFileReference; explicitFileType = wrapper.cfbundle; includeInIndex = 0; path = CrashInTestUITests.xctest; sourceTree = BUILT_PRODUCTS_DIR; };
		4AD9E0CB207E04B100853020 /* CrashInTestUITests.m */ = {isa = PBXFileReference; lastKnownFileType = sourcecode.c.objc; path = CrashInTestUITests.m; sourceTree = "<group>"; };
		4AD9E0CD207E04B100853020 /* Info.plist */ = {isa = PBXFileReference; lastKnownFileType = text.plist.xml; path = Info.plist; sourceTree = "<group>"; };
		4AD9E0D6207E04D800853020 /* CrashHelper.h */ = {isa = PBXFileReference; lastKnownFileType = sourcecode.c.h; path = CrashHelper.h; sourceTree = "<group>"; };
		4AD9E0D7207E04D800853020 /* CrashHelper.m */ = {isa = PBXFileReference; lastKnownFileType = sourcecode.c.objc; path = CrashHelper.m; sourceTree = "<group>"; };
/* End PBXFileReference section */

/* Begin PBXFrameworksBuildPhase section */
		4AD9E0AC207E04B100853020 /* Frameworks */ = {
			isa = PBXFrameworksBuildPhase;
			buildActionMask = 2147483647;
			files = (
			);
			runOnlyForDeploymentPostprocessing = 0;
		};
		4AD9E0C4207E04B100853020 /* Frameworks */ = {
			isa = PBXFrameworksBuildPhase;
			buildActionMask = 2147483647;
			files = (
			);
			runOnlyForDeploymentPostprocessing = 0;
		};
/* End PBXFrameworksBuildPhase section */

/* Begin PBXGroup section */
		4AD9E0A6207E04B100853020 = {
			isa = PBXGroup;
			children = (
				4AD9E0B1207E04B100853020 /* CrashInTest */,
				4AD9E0CA207E04B100853020 /* CrashInTestUITests */,
				4AD9E0B0207E04B100853020 /* Products */,
			);
			sourceTree = "<group>";
		};
		4AD9E0B0207E04B100853020 /* Products */ = {
			isa = PBXGroup;
			children = (
				4AD9E0AF207E04B100853020 /* CrashInTest.app */,
				4AD9E0C7207E04B100853020 /* CrashInTestUITests.xctest */,
			);
			name = Products;
			sourceTree = "<group>";
		};
		4AD9E0B1207E04B100853020 /* CrashInTest */ = {
			isa = PBXGroup;
			children = (
				4AD9E0B2207E04B100853020 /* AppDelegate.h */,
				4AD9E0B3207E04B100853020 /* AppDelegate.m */,
				4AD9E0B5207E04B100853020 /* ViewController.h */,
				4AD9E0B6207E04B100853020 /* ViewController.m */,
				4AD9E0B8207E04B100853020 /* Main.storyboard */,
				4AD9E0BB207E04B100853020 /* Assets.xcassets */,
				4AD9E0BD207E04B100853020 /* LaunchScreen.storyboard */,
				4AD9E0C0207E04B100853020 /* Info.plist */,
				4AD9E0C1207E04B100853020 /* main.m */,
				4AD9E0D6207E04D800853020 /* CrashHelper.h */,
				4AD9E0D7207E04D800853020 /* CrashHelper.m */,
				4A1C3D06207F6AB0006D8DDB /* CrashHelper+Swift.swift */,
				4A1C3D04207F6AB0006D8DDB /* CrashInTest-Bridging-Header.h */,
			);
			path = CrashInTest;
			sourceTree = "<group>";
		};
		4AD9E0CA207E04B100853020 /* CrashInTestUITests */ = {
			isa = PBXGroup;
			children = (
				4AD9E0CB207E04B100853020 /* CrashInTestUITests.m */,
				4AD9E0CD207E04B100853020 /* Info.plist */,
			);
			path = CrashInTestUITests;
			sourceTree = "<group>";
		};
/* End PBXGroup section */

/* Begin PBXNativeTarget section */
		4AD9E0AE207E04B100853020 /* CrashInTest */ = {
			isa = PBXNativeTarget;
			buildConfigurationList = 4AD9E0D0207E04B100853020 /* Build configuration list for PBXNativeTarget "CrashInTest" */;
			buildPhases = (
				4AD9E0AB207E04B100853020 /* Sources */,
				4AD9E0AC207E04B100853020 /* Frameworks */,
				4AD9E0AD207E04B100853020 /* Resources */,
			);
			buildRules = (
			);
			dependencies = (
			);
			name = CrashInTest;
			productName = CrashInTest;
			productReference = 4AD9E0AF207E04B100853020 /* CrashInTest.app */;
			productType = "com.apple.product-type.application";
		};
		4AD9E0C6207E04B100853020 /* CrashInTestUITests */ = {
			isa = PBXNativeTarget;
			buildConfigurationList = 4AD9E0D3207E04B100853020 /* Build configuration list for PBXNativeTarget "CrashInTestUITests" */;
			buildPhases = (
				4AD9E0C3207E04B100853020 /* Sources */,
				4AD9E0C4207E04B100853020 /* Frameworks */,
				4AD9E0C5207E04B100853020 /* Resources */,
			);
			buildRules = (
			);
			dependencies = (
				4AD9E0C9207E04B100853020 /* PBXTargetDependency */,
			);
			name = CrashInTestUITests;
			productName = CrashInTestUITests;
			productReference = 4AD9E0C7207E04B100853020 /* CrashInTestUITests.xctest */;
			productType = "com.apple.product-type.bundle.ui-testing";
		};
/* End PBXNativeTarget section */

/* Begin PBXProject section */
		4AD9E0A7207E04B100853020 /* Project object */ = {
			isa = PBXProject;
			attributes = {
				LastUpgradeCheck = 0920;
				ORGANIZATIONNAME = Example.com;
				TargetAttributes = {
					4AD9E0AE207E04B100853020 = {
						CreatedOnToolsVersion = 9.2;
						LastSwiftMigration = 0920;
						ProvisioningStyle = Automatic;
					};
					4AD9E0C6207E04B100853020 = {
						CreatedOnToolsVersion = 9.2;
						LastSwiftMigration = 0920;
						ProvisioningStyle = Automatic;
						TestTargetID = 4AD9E0AE207E04B100853020;
					};
				};
			};
			buildConfigurationList = 4AD9E0AA207E04B100853020 /* Build configuration list for PBXProject "CrashInTest" */;
			compatibilityVersion = "Xcode 8.0";
			developmentRegion = en;
			hasScannedForEncodings = 0;
			knownRegions = (
				en,
				Base,
			);
			mainGroup = 4AD9E0A6207E04B100853020;
			productRefGroup = 4AD9E0B0207E04B100853020 /* Products */;
			projectDirPath = "";
			projectRoot = "";
			targets = (
				4AD9E0AE207E04B100853020 /* CrashInTest */,
				4AD9E0C6207E04B100853020 /* CrashInTestUITests */,
			);
		};
/* End PBXProject section */

/* Begin PBXResourcesBuildPhase section */
		4AD9E0AD207E04B100853020 /* Resources */ = {
			isa = PBXResourcesBuildPhase;
			buildActionMask = 2147483647;
			files = (
				4AD9E0BF207E04B100853020 /* LaunchScreen.storyboard in Resources */,
				4AD9E0BC207E04B100853020 /* Assets.xcassets in Resources */,
				4AD9E0BA207E04B100853020 /* Main.storyboard in Resources */,
			);
			runOnlyForDeploymentPostprocessing = 0;
		};
		4AD9E0C5207E04B100853020 /* Resources */ = {
			isa = PBXResourcesBuildPhase;
			buildActionMask = 2147483647;
			files = (
			);
			runOnlyForDeploymentPostprocessing = 0;
		};
/* End PBXResourcesBuildPhase section */

/* Begin PBXSourcesBuildPhase section */
		4AD9E0AB207E04B100853020 /* Sources */ = {
			isa = PBXSourcesBuildPhase;
			buildActionMask = 2147483647;
			files = (
				4AD9E0B7207E04B100853020 /* ViewController.m in Sources */,
				4A1C3D07207F6AB0006D8DDB /* CrashHelper+Swift.swift in Sources */,
				4AD9E0D8207E04D800853020 /* CrashHelper.m in Sources */,
				4AD9E0C2207E04B100853020 /* main.m in Sources */,
				4AD9E0B4207E04B100853020 /* AppDelegate.m in Sources */,
			);
			runOnlyForDeploymentPostprocessing = 0;
		};
		4AD9E0C3207E04B100853020 /* Sources */ = {
			isa = PBXSourcesBuildPhase;
			buildActionMask = 2147483647;
			files = (
				4AD9E0CC207E04B100853020 /* CrashInTestUITests.m in Sources */,
				4A1C3D03207F6A37006D8DDB /* CrashHelper.m in Sources */,
				4A1C3D08207F6AB0006D8DDB /* CrashHelper+Swift.swift in Sources */,
			);
			runOnlyForDeploymentPostprocessing = 0;
		};
/* End PBXSourcesBuildPhase section */

/* Begin PBXTargetDependency section */
		4AD9E0C9207E04B100853020 /* PBXTargetDependency */ = {
			isa = PBXTargetDependency;
			target = 4AD9E0AE207E04B100853020 /* CrashInTest */;
			targetProxy = 4AD9E0C8207E04B100853020 /* PBXContainerItemProxy */;
		};
/* End PBXTargetDependency section */

/* Begin PBXVariantGroup section */
		4AD9E0B8207E04B100853020 /* Main.storyboard */ = {
			isa = PBXVariantGroup;
			children = (
				4AD9E0B9207E04B100853020 /* Base */,
			);
			name = Main.storyboard;
			sourceTree = "<group>";
		};
		4AD9E0BD207E04B100853020 /* LaunchScreen.storyboard */ = {
			isa = PBXVariantGroup;
			children = (
				4AD9E0BE207E04B100853020 /* Base */,
			);
			name = LaunchScreen.storyboard;
			sourceTree = "<group>";
		};
/* End PBXVariantGroup section */

/* Begin XCBuildConfiguration section */
		4AD9E0CE207E04B100853020 /* Debug */ = {
			isa = XCBuildConfiguration;
			buildSettings = {
				ALWAYS_SEARCH_USER_PATHS = NO;
				CLANG_ANALYZER_NONNULL = YES;
				CLANG_ANALYZER_NUMBER_OBJECT_CONVERSION = YES_AGGRESSIVE;
				CLANG_CXX_LANGUAGE_STANDARD = "gnu++14";
				CLANG_CXX_LIBRARY = "libc++";
				CLANG_ENABLE_MODULES = YES;
				CLANG_ENABLE_OBJC_ARC = YES;
				CLANG_WARN_BLOCK_CAPTURE_AUTORELEASING = YES;
				CLANG_WARN_BOOL_CONVERSION = YES;
				CLANG_WARN_COMMA = YES;
				CLANG_WARN_CONSTANT_CONVERSION = YES;
				CLANG_WARN_DIRECT_OBJC_ISA_USAGE = YES_ERROR;
				CLANG_WARN_DOCUMENTATION_COMMENTS = YES;
				CLANG_WARN_EMPTY_BODY = YES;
				CLANG_WARN_ENUM_CONVERSION = YES;
				CLANG_WARN_INFINITE_RECURSION = YES;
				CLANG_WARN_INT_CONVERSION = YES;
				CLANG_WARN_NON_LITERAL_NULL_CONVERSION = YES;
				CLANG_WARN_OBJC_LITERAL_CONVERSION = YES;
				CLANG_WARN_OBJC_ROOT_CLASS = YES_ERROR;
				CLANG_WARN_RANGE_LOOP_ANALYSIS = YES;
				CLANG_WARN_STRICT_PROTOTYPES = YES;
				CLANG_WARN_SUSPICIOUS_MOVE = YES;
				CLANG_WARN_UNGUARDED_AVAILABILITY = YES_AGGRESSIVE;
				CLANG_WARN_UNREACHABLE_CODE = YES;
				CLANG_WARN__DUPLICATE_METHOD_MATCH = YES;
				CODE_SIGN_IDENTITY = "iPhone Developer";
				COPY_PHASE_STRIP = NO;
				DEBUG_INFORMATION_FORMAT = "dwarf-with-dsym";
				ENABLE_STRICT_OBJC_MSGSEND = YES;
				ENABLE_TESTABILITY = YES;
				GCC_C_LANGUAGE_STANDARD = gnu11;
				GCC_DYNAMIC_NO_PIC = NO;
				GCC_NO_COMMON_BLOCKS = YES;
				GCC_OPTIMIZATION_LEVEL = 0;
				GCC_PREPROCESSOR_DEFINITIONS = (
					"DEBUG=1",
					"$(inherited)",
				);
				GCC_WARN_64_TO_32_BIT_CONVERSION = YES;
				GCC_WARN_ABOUT_RETURN_TYPE = YES_ERROR;
				GCC_WARN_UNDECLARED_SELECTOR = YES;
				GCC_WARN_UNINITIALIZED_AUTOS = YES_AGGRESSIVE;
				GCC_WARN_UNUSED_FUNCTION = YES;
				GCC_WARN_UNUSED_VARIABLE = YES;
				IPHONEOS_DEPLOYMENT_TARGET = 9.0;
				MTL_ENABLE_DEBUG_INFO = YES;
				ONLY_ACTIVE_ARCH = YES;
				SDKROOT = iphoneos;
				SWIFT_VERSION = 4.0;
			};
			name = Debug;
		};
		4AD9E0CF207E04B100853020 /* Release */ = {
			isa = XCBuildConfiguration;
			buildSettings = {
				ALWAYS_SEARCH_USER_PATHS = NO;
				CLANG_ANALYZER_NONNULL = YES;
				CLANG_ANALYZER_NUMBER_OBJECT_CONVERSION = YES_AGGRESSIVE;
				CLANG_CXX_LANGUAGE_STANDARD = "gnu++14";
				CLANG_CXX_LIBRARY = "libc++";
				CLANG_ENABLE_MODULES = YES;
				CLANG_ENABLE_OBJC_ARC = YES;
				CLANG_WARN_BLOCK_CAPTURE_AUTORELEASING = YES;
				CLANG_WARN_BOOL_CONVERSION = YES;
				CLANG_WARN_COMMA = YES;
				CLANG_WARN_CONSTANT_CONVERSION = YES;
				CLANG_WARN_DIRECT_OBJC_ISA_USAGE = YES_ERROR;
				CLANG_WARN_DOCUMENTATION_COMMENTS = YES;
				CLANG_WARN_EMPTY_BODY = YES;
				CLANG_WARN_ENUM_CONVERSION = YES;
				CLANG_WARN_INFINITE_RECURSION = YES;
				CLANG_WARN_INT_CONVERSION = YES;
				CLANG_WARN_NON_LITERAL_NULL_CONVERSION = YES;
				CLANG_WARN_OBJC_LITERAL_CONVERSION = YES;
				CLANG_WARN_OBJC_ROOT_CLASS = YES_ERROR;
				CLANG_WARN_RANGE_LOOP_ANALYSIS = YES;
				CLANG_WARN_STRICT_PROTOTYPES = YES;
				CLANG_WARN_SUSPICIOUS_MOVE = YES;
				CLANG_WARN_UNGUARDED_AVAILABILITY = YES_AGGRESSIVE;
				CLANG_WARN_UNREACHABLE_CODE = YES;
				CLANG_WARN__DUPLICATE_METHOD_MATCH = YES;
				CODE_SIGN_IDENTITY = "iPhone Developer";
				COPY_PHASE_STRIP = NO;
				DEBUG_INFORMATION_FORMAT = "dwarf-with-dsym";
				ENABLE_NS_ASSERTIONS = NO;
				ENABLE_STRICT_OBJC_MSGSEND = YES;
				GCC_C_LANGUAGE_STANDARD = gnu11;
				GCC_NO_COMMON_BLOCKS = YES;
				GCC_WARN_64_TO_32_BIT_CONVERSION = YES;
				GCC_WARN_ABOUT_RETURN_TYPE = YES_ERROR;
				GCC_WARN_UNDECLARED_SELECTOR = YES;
				GCC_WARN_UNINITIALIZED_AUTOS = YES_AGGRESSIVE;
				GCC_WARN_UNUSED_FUNCTION = YES;
				GCC_WARN_UNUSED_VARIABLE = YES;
				IPHONEOS_DEPLOYMENT_TARGET = 9.0;
				MTL_ENABLE_DEBUG_INFO = NO;
				SDKROOT = iphoneos;
				SWIFT_VERSION = 4.0;
				VALIDATE_PRODUCT = YES;
			};
			name = Release;
		};
		4AD9E0D1207E04B100853020 /* Debug */ = {
			isa = XCBuildConfiguration;
			buildSettings = {
				ASSETCATALOG_COMPILER_APPICON_NAME = AppIcon;
				CLANG_ENABLE_MODULES = YES;
				CODE_SIGN_STYLE = Automatic;
				INFOPLIST_FILE = CrashInTest/Info.plist;
				LD_RUNPATH_SEARCH_PATHS = "$(inherited) @executable_path/Frameworks";
				PRODUCT_BUNDLE_IDENTIFIER = com.example.CrashInTest;
				PRODUCT_NAME = "$(TARGET_NAME)";
				SWIFT_OBJC_BRIDGING_HEADER = "CrashInTest/CrashInTest-Bridging-Header.h";
				SWIFT_OPTIMIZATION_LEVEL = "-Onone";
				TARGETED_DEVICE_FAMILY = "1,2";
			};
			name = Debug;
		};
		4AD9E0D2207E04B100853020 /* Release */ = {
			isa = XCBuildConfiguration;
			buildSettings = {
				ASSETCATALOG_COMPILER_APPICON_NAME = AppIcon;
				CLANG_ENABLE_MODULES = YES;
				CODE_SIGN_STYLE = Automatic;
				INFOPLIST_FILE = CrashInTest/Info.plist;
				LD_RUNPATH_SEARCH_PATHS = "$(inherited) @executable_path/Frameworks";
				PRODUCT_BUNDLE_IDENTIFIER = com.example.CrashInTest;
				PRODUCT_NAME = "$(TARGET_NAME)";
				SWIFT_OBJC_BRIDGING_HEADER = "CrashInTest/CrashInTest-Bridging-Header.h";
				TARGETED_DEVICE_FAMILY = "1,2";
			};
			name = Release;
		};
		4AD9E0D4207E04B100853020 /* Debug */ = {
			isa = XCBuildConfiguration;
			buildSettings = {
				ALWAYS_EMBED_SWIFT_STANDARD_LIBRARIES = YES;
				CLANG_ENABLE_MODULES = YES;
				CODE_SIGN_STYLE = Automatic;
				INFOPLIST_FILE = CrashInTestUITests/Info.plist;
				LD_RUNPATH_SEARCH_PATHS = "$(inherited) @executable_path/Frameworks @loader_path/Frameworks";
				PRODUCT_BUNDLE_IDENTIFIER = com.example.CrashInTestUITests;
				PRODUCT_NAME = "$(TARGET_NAME)";
				SWIFT_OBJC_BRIDGING_HEADER = "CrashInTest/CrashInTest-Bridging-Header.h";
				SWIFT_OPTIMIZATION_LEVEL = "-Onone";
				TARGETED_DEVICE_FAMILY = "1,2";
				TEST_TARGET_NAME = CrashInTest;
			};
			name = Debug;
		};
		4AD9E0D5207E04B100853020 /* Release */ = {
			isa = XCBuildConfiguration;
			buildSettings = {
				ALWAYS_EMBED_SWIFT_STANDARD_LIBRARIES = YES;
				CLANG_ENABLE_MODULES = YES;
				CODE_SIGN_STYLE = Automatic;
				INFOPLIST_FILE = CrashInTestUITests/Info.plist;
				LD_RUNPATH_SEARCH_PATHS = "$(inherited) @executable_path/Frameworks @loader_path/Frameworks";
				PRODUCT_BUNDLE_IDENTIFIER = com.example.CrashInTestUITests;
				PRODUCT_NAME = "$(TARGET_NAME)";
				SWIFT_OBJC_BRIDGING_HEADER = "CrashInTest/CrashInTest-Bridging-Header.h";
				TARGETED_DEVICE_FAMILY = "1,2";
				TEST_TARGET_NAME = CrashInTest;
			};
			name = Release;
		};
/* End XCBuildConfiguration section */

/* Begin XCConfigurationList section */
		4AD9E0AA207E04B100853020 /* Build configuration list for PBXProject "CrashInTest" */ = {
			isa = XCConfigurationList;
			buildConfigurations = (
				4AD9E0CE207E04B100853020 /* Debug */,
				4AD9E0CF207E04B100853020 /* Release */,
			);
			defaultConfigurationIsVisible = 0;
			defaultConfigurationName = Release;
		};
		4AD9E0D0207E04B100853020 /* Build configuration list for PBXNativeTarget "CrashInTest" */ = {
			isa = XCConfigurationList;
			buildConfigurations = (
				4AD9E0D1207E04B100853020 /* Debug */,
				4AD9E0D2207E04B100853020 /* Release */,
			);
			defaultConfigurationIsVisible = 0;
			defaultConfigurationName = Release;
		};
		4AD9E0D3207E04B100853020 /* Build configuration list for PBXNativeTarget "CrashInTestUITests" */ = {
			isa = XCConfigurationList;
			buildConfigurations = (
				4AD9E0D4207E04B100853020 /* Debug */,
				4AD9E0D5207E04B100853020 /* Release */,
			);
			defaultConfigurationIsVisible = 0;
			defaultConfigurationName = Release;
		};
/* End XCConfigurationList section */
	};
	rootObject = 4AD9E0A7207E04B100853020 /* Project object */;
}
